
Microsoft Visual Studio Solution File, Format Version 12.00
# Visual Studio 2012
Project("{FAE04EC0-301F-11D3-BF4B-00C04F79EFBC}") = "DbfCompare.WinForms", "DbfCompare.WinForms\DbfCompare.WinForms.csproj", "{5CED71E9-0C9D-4E17-AA9E-AF80A1A3A689}"
EndProject
Project("{FAE04EC0-301F-11D3-BF4B-00C04F79EFBC}") = "DbfCompare.Core", "DbfCompare.Core\DbfCompare.Core.csproj", "{F55AD868-936A-4E84-A433-EF6DEA730A52}"
EndProject
Project("{FAE04EC0-301F-11D3-BF4B-00C04F79EFBC}") = "DbfCompare", "DbfCompare\DbfCompare.csproj", "{1EE8A407-B051-4E23-A17A-A10A4D9BC266}"
EndProject
Global
	GlobalSection(SolutionConfigurationPlatforms) = preSolution
		Debug|Any CPU = Debug|Any CPU
		Debug|Mixed Platforms = Debug|Mixed Platforms
		Debug|x86 = Debug|x86
		Release|Any CPU = Release|Any CPU
		Release|Mixed Platforms = Release|Mixed Platforms
		Release|x86 = Release|x86
	EndGlobalSection
	GlobalSection(ProjectConfigurationPlatforms) = postSolution
		{5CED71E9-0C9D-4E17-AA9E-AF80A1A3A689}.Debug|Any CPU.ActiveCfg = Debug|x86
		{5CED71E9-0C9D-4E17-AA9E-AF80A1A3A689}.Debug|Mixed Platforms.ActiveCfg = Debug|x86
		{5CED71E9-0C9D-4E17-AA9E-AF80A1A3A689}.Debug|Mixed Platforms.Build.0 = Debug|x86
		{5CED71E9-0C9D-4E17-AA9E-AF80A1A3A689}.Debug|x86.ActiveCfg = Debug|x86
		{5CED71E9-0C9D-4E17-AA9E-AF80A1A3A689}.Debug|x86.Build.0 = Debug|x86
		{5CED71E9-0C9D-4E17-AA9E-AF80A1A3A689}.Release|Any CPU.ActiveCfg = Release|x86
		{5CED71E9-0C9D-4E17-AA9E-AF80A1A3A689}.Release|Mixed Platforms.ActiveCfg = Release|x86
		{5CED71E9-0C9D-4E17-AA9E-AF80A1A3A689}.Release|Mixed Platforms.Build.0 = Release|x86
		{5CED71E9-0C9D-4E17-AA9E-AF80A1A3A689}.Release|x86.ActiveCfg = Release|x86
		{5CED71E9-0C9D-4E17-AA9E-AF80A1A3A689}.Release|x86.Build.0 = Release|x86
		{F55AD868-936A-4E84-A433-EF6DEA730A52}.Debug|Any CPU.ActiveCfg = Debug|Any CPU
		{F55AD868-936A-4E84-A433-EF6DEA730A52}.Debug|Any CPU.Build.0 = Debug|Any CPU
		{F55AD868-936A-4E84-A433-EF6DEA730A52}.Debug|Mixed Platforms.ActiveCfg = Debug|Any CPU
		{F55AD868-936A-4E84-A433-EF6DEA730A52}.Debug|Mixed Platforms.Build.0 = Debug|Any CPU
		{F55AD868-936A-4E84-A433-EF6DEA730A52}.Debug|x86.ActiveCfg = Debug|Any CPU
		{F55AD868-936A-4E84-A433-EF6DEA730A52}.Release|Any CPU.ActiveCfg = Release|Any CPU
		{F55AD868-936A-4E84-A433-EF6DEA730A52}.Release|Any CPU.Build.0 = Release|Any CPU
		{F55AD868-936A-4E84-A433-EF6DEA730A52}.Release|Mixed Platforms.ActiveCfg = Release|Any CPU
		{F55AD868-936A-4E84-A433-EF6DEA730A52}.Release|Mixed Platforms.Build.0 = Release|Any CPU
		{F55AD868-936A-4E84-A433-EF6DEA730A52}.Release|x86.ActiveCfg = Release|Any CPU
		{1EE8A407-B051-4E23-A17A-A10A4D9BC266}.Debug|Any CPU.ActiveCfg = Debug|x86
		{1EE8A407-B051-4E23-A17A-A10A4D9BC266}.Debug|Mixed Platforms.ActiveCfg = Debug|x86
		{1EE8A407-B051-4E23-A17A-A10A4D9BC266}.Debug|Mixed Platforms.Build.0 = Debug|x86
		{1EE8A407-B051-4E23-A17A-A10A4D9BC266}.Debug|x86.ActiveCfg = Debug|x86
		{1EE8A407-B051-4E23-A17A-A10A4D9BC266}.Debug|x86.Build.0 = Debug|x86
		{1EE8A407-B051-4E23-A17A-A10A4D9BC266}.Release|Any CPU.ActiveCfg = Release|x86
		{1EE8A407-B051-4E23-A17A-A10A4D9BC266}.Release|Mixed Platforms.ActiveCfg = Release|x86
		{1EE8A407-B051-4E23-A17A-A10A4D9BC266}.Release|Mixed Platforms.Build.0 = Release|x86
		{1EE8A407-B051-4E23-A17A-A10A4D9BC266}.Release|x86.ActiveCfg = Release|x86
		{1EE8A407-B051-4E23-A17A-A10A4D9BC266}.Release|x86.Build.0 = Release|x86
	EndGlobalSection
	GlobalSection(SolutionProperties) = preSolution
		HideSolutionNode = FALSE
	EndGlobalSection
EndGlobal
